// !$*UTF8*$!
{
	archiveVersion = 1;
	classes = {
	};
	objectVersion = 55;
	objects = {

/* Begin PBXBuildFile section */
		FC5D279B2897B3CA003988A5 /* RaiffeisenTestApp.swift in Sources */ = {isa = PBXBuildFile; fileRef = FC5D279A2897B3CA003988A5 /* RaiffeisenTestApp.swift */; };
		FC5D279F2897B3CC003988A5 /* Assets.xcassets in Resources */ = {isa = PBXBuildFile; fileRef = FC5D279E2897B3CC003988A5 /* Assets.xcassets */; };
		FC5D27A22897B3CC003988A5 /* Preview Assets.xcassets in Resources */ = {isa = PBXBuildFile; fileRef = FC5D27A12897B3CC003988A5 /* Preview Assets.xcassets */; };
		FC5D27AB2897B678003988A5 /* User.swift in Sources */ = {isa = PBXBuildFile; fileRef = FC5D27AA2897B678003988A5 /* User.swift */; };
		FC5D27AE2897B779003988A5 /* UserList.swift in Sources */ = {isa = PBXBuildFile; fileRef = FC5D27AD2897B779003988A5 /* UserList.swift */; };
		FC5D27B12897B83A003988A5 /* UserListViewModel.swift in Sources */ = {isa = PBXBuildFile; fileRef = FC5D27B02897B83A003988A5 /* UserListViewModel.swift */; };
		FC5D27B32897B9D0003988A5 /* UserRow.swift in Sources */ = {isa = PBXBuildFile; fileRef = FC5D27B22897B9D0003988A5 /* UserRow.swift */; };
		FC5D27BD2897C2AB003988A5 /* AsyncImage.swift in Sources */ = {isa = PBXBuildFile; fileRef = FC5D27B92897C2AB003988A5 /* AsyncImage.swift */; };
		FC5D27BE2897C2AB003988A5 /* ImageCache.swift in Sources */ = {isa = PBXBuildFile; fileRef = FC5D27BA2897C2AB003988A5 /* ImageCache.swift */; };
		FC5D27BF2897C2AB003988A5 /* ImageLoader.swift in Sources */ = {isa = PBXBuildFile; fileRef = FC5D27BB2897C2AB003988A5 /* ImageLoader.swift */; };
		FC5D27C02897C2AB003988A5 /* EnvironmentValues+ImageCache.swift in Sources */ = {isa = PBXBuildFile; fileRef = FC5D27BC2897C2AB003988A5 /* EnvironmentValues+ImageCache.swift */; };
		FC5D27C62897D738003988A5 /* AddUserScreen.swift in Sources */ = {isa = PBXBuildFile; fileRef = FC5D27C52897D738003988A5 /* AddUserScreen.swift */; };
		FC5D27C92897E19A003988A5 /* AddUserScreenViewModel.swift in Sources */ = {isa = PBXBuildFile; fileRef = FC5D27C82897E19A003988A5 /* AddUserScreenViewModel.swift */; };
		FC5D27D02897FD51003988A5 /* UserDetailList.swift in Sources */ = {isa = PBXBuildFile; fileRef = FC5D27CF2897FD51003988A5 /* UserDetailList.swift */; };
		FC5D27D32897FD9F003988A5 /* UserDetailListViewModel.swift in Sources */ = {isa = PBXBuildFile; fileRef = FC5D27D22897FD9F003988A5 /* UserDetailListViewModel.swift */; };
		FC5D27D62897FE9A003988A5 /* UserPublicRepository.swift in Sources */ = {isa = PBXBuildFile; fileRef = FC5D27D52897FE9A003988A5 /* UserPublicRepository.swift */; };
		FC5D27D928980431003988A5 /* LocalUserRepository.swift in Sources */ = {isa = PBXBuildFile; fileRef = FC5D27D828980431003988A5 /* LocalUserRepository.swift */; };
		FC5D27DB28980546003988A5 /* UserNetwork.swift in Sources */ = {isa = PBXBuildFile; fileRef = FC5D27DA28980546003988A5 /* UserNetwork.swift */; };
/* End PBXBuildFile section */

/* Begin PBXFileReference section */
		FC5D27972897B3CA003988A5 /* RaiffeisenTest.app */ = {isa = PBXFileReference; explicitFileType = wrapper.application; includeInIndex = 0; path = RaiffeisenTest.app; sourceTree = BUILT_PRODUCTS_DIR; };
		FC5D279A2897B3CA003988A5 /* RaiffeisenTestApp.swift */ = {isa = PBXFileReference; lastKnownFileType = sourcecode.swift; path = RaiffeisenTestApp.swift; sourceTree = "<group>"; };
		FC5D279E2897B3CC003988A5 /* Assets.xcassets */ = {isa = PBXFileReference; lastKnownFileType = folder.assetcatalog; path = Assets.xcassets; sourceTree = "<group>"; };
		FC5D27A12897B3CC003988A5 /* Preview Assets.xcassets */ = {isa = PBXFileReference; lastKnownFileType = folder.assetcatalog; path = "Preview Assets.xcassets"; sourceTree = "<group>"; };
		FC5D27AA2897B678003988A5 /* User.swift */ = {isa = PBXFileReference; lastKnownFileType = sourcecode.swift; path = User.swift; sourceTree = "<group>"; };
		FC5D27AD2897B779003988A5 /* UserList.swift */ = {isa = PBXFileReference; lastKnownFileType = sourcecode.swift; path = UserList.swift; sourceTree = "<group>"; };
		FC5D27B02897B83A003988A5 /* UserListViewModel.swift */ = {isa = PBXFileReference; lastKnownFileType = sourcecode.swift; path = UserListViewModel.swift; sourceTree = "<group>"; };
		FC5D27B22897B9D0003988A5 /* UserRow.swift */ = {isa = PBXFileReference; lastKnownFileType = sourcecode.swift; path = UserRow.swift; sourceTree = "<group>"; };
		FC5D27B92897C2AB003988A5 /* AsyncImage.swift */ = {isa = PBXFileReference; fileEncoding = 4; lastKnownFileType = sourcecode.swift; path = AsyncImage.swift; sourceTree = "<group>"; };
		FC5D27BA2897C2AB003988A5 /* ImageCache.swift */ = {isa = PBXFileReference; fileEncoding = 4; lastKnownFileType = sourcecode.swift; path = ImageCache.swift; sourceTree = "<group>"; };
		FC5D27BB2897C2AB003988A5 /* ImageLoader.swift */ = {isa = PBXFileReference; fileEncoding = 4; lastKnownFileType = sourcecode.swift; path = ImageLoader.swift; sourceTree = "<group>"; };
		FC5D27BC2897C2AB003988A5 /* EnvironmentValues+ImageCache.swift */ = {isa = PBXFileReference; fileEncoding = 4; lastKnownFileType = sourcecode.swift; path = "EnvironmentValues+ImageCache.swift"; sourceTree = "<group>"; };
		FC5D27C52897D738003988A5 /* AddUserScreen.swift */ = {isa = PBXFileReference; lastKnownFileType = sourcecode.swift; path = AddUserScreen.swift; sourceTree = "<group>"; };
		FC5D27C82897E19A003988A5 /* AddUserScreenViewModel.swift */ = {isa = PBXFileReference; lastKnownFileType = sourcecode.swift; path = AddUserScreenViewModel.swift; sourceTree = "<group>"; };
		FC5D27CF2897FD51003988A5 /* UserDetailList.swift */ = {isa = PBXFileReference; lastKnownFileType = sourcecode.swift; path = UserDetailList.swift; sourceTree = "<group>"; };
		FC5D27D22897FD9F003988A5 /* UserDetailListViewModel.swift */ = {isa = PBXFileReference; lastKnownFileType = sourcecode.swift; path = UserDetailListViewModel.swift; sourceTree = "<group>"; };
		FC5D27D52897FE9A003988A5 /* UserPublicRepository.swift */ = {isa = PBXFileReference; lastKnownFileType = sourcecode.swift; path = UserPublicRepository.swift; sourceTree = "<group>"; };
		FC5D27D828980431003988A5 /* LocalUserRepository.swift */ = {isa = PBXFileReference; lastKnownFileType = sourcecode.swift; path = LocalUserRepository.swift; sourceTree = "<group>"; };
		FC5D27DA28980546003988A5 /* UserNetwork.swift */ = {isa = PBXFileReference; lastKnownFileType = sourcecode.swift; path = UserNetwork.swift; sourceTree = "<group>"; };
/* End PBXFileReference section */

/* Begin PBXFrameworksBuildPhase section */
		FC5D27942897B3CA003988A5 /* Frameworks */ = {
			isa = PBXFrameworksBuildPhase;
			buildActionMask = 2147483647;
			files = (
			);
			runOnlyForDeploymentPostprocessing = 0;
		};
/* End PBXFrameworksBuildPhase section */

/* Begin PBXGroup section */
		FC5D278E2897B3CA003988A5 = {
			isa = PBXGroup;
			children = (
				FC5D27992897B3CA003988A5 /* RaiffeisenTest */,
				FC5D27982897B3CA003988A5 /* Products */,
			);
			sourceTree = "<group>";
		};
		FC5D27982897B3CA003988A5 /* Products */ = {
			isa = PBXGroup;
			children = (
				FC5D27972897B3CA003988A5 /* RaiffeisenTest.app */,
			);
			name = Products;
			sourceTree = "<group>";
		};
		FC5D27992897B3CA003988A5 /* RaiffeisenTest */ = {
			isa = PBXGroup;
			children = (
				FC5D27CD2897FD31003988A5 /* DetailUser */,
				FC5D27C32897D6DD003988A5 /* AddUser */,
				FC5D27A82897B616003988A5 /* UserList */,
				FC5D279A2897B3CA003988A5 /* RaiffeisenTestApp.swift */,
				FC5D279E2897B3CC003988A5 /* Assets.xcassets */,
				FC5D27A02897B3CC003988A5 /* Preview Content */,
			);
			path = RaiffeisenTest;
			sourceTree = "<group>";
		};
		FC5D27A02897B3CC003988A5 /* Preview Content */ = {
			isa = PBXGroup;
			children = (
				FC5D27A12897B3CC003988A5 /* Preview Assets.xcassets */,
			);
			path = "Preview Content";
			sourceTree = "<group>";
		};
		FC5D27A82897B616003988A5 /* UserList */ = {
			isa = PBXGroup;
			children = (
				FC5D27AF2897B82B003988A5 /* ViewModel */,
				FC5D27AC2897B765003988A5 /* View */,
				FC5D27A92897B62C003988A5 /* Model */,
			);
			path = UserList;
			sourceTree = "<group>";
		};
		FC5D27A92897B62C003988A5 /* Model */ = {
			isa = PBXGroup;
			children = (
				FC5D27AA2897B678003988A5 /* User.swift */,
			);
			path = Model;
			sourceTree = "<group>";
		};
		FC5D27AC2897B765003988A5 /* View */ = {
			isa = PBXGroup;
			children = (
				FC5D27B72897C26B003988A5 /* Components */,
				FC5D27AD2897B779003988A5 /* UserList.swift */,
				FC5D27B22897B9D0003988A5 /* UserRow.swift */,
			);
			path = View;
			sourceTree = "<group>";
		};
		FC5D27AF2897B82B003988A5 /* ViewModel */ = {
			isa = PBXGroup;
			children = (
				FC5D27D7289803FD003988A5 /* Protocols */,
				FC5D27C12897D674003988A5 /* Services */,
				FC5D27B02897B83A003988A5 /* UserListViewModel.swift */,
			);
			path = ViewModel;
			sourceTree = "<group>";
		};
		FC5D27B72897C26B003988A5 /* Components */ = {
			isa = PBXGroup;
			children = (
				FC5D27B82897C274003988A5 /* AsyncImage */,
			);
			path = Components;
			sourceTree = "<group>";
		};
		FC5D27B82897C274003988A5 /* AsyncImage */ = {
			isa = PBXGroup;
			children = (
				FC5D27B92897C2AB003988A5 /* AsyncImage.swift */,
			);
			path = AsyncImage;
			sourceTree = "<group>";
		};
		FC5D27C12897D674003988A5 /* Services */ = {
			isa = PBXGroup;
			children = (
				FC5D27C22897D6A5003988A5 /* ImageLoading */,
			);
			path = Services;
			sourceTree = "<group>";
		};
		FC5D27C22897D6A5003988A5 /* ImageLoading */ = {
			isa = PBXGroup;
			children = (
				FC5D27BC2897C2AB003988A5 /* EnvironmentValues+ImageCache.swift */,
				FC5D27BA2897C2AB003988A5 /* ImageCache.swift */,
				FC5D27BB2897C2AB003988A5 /* ImageLoader.swift */,
			);
			path = ImageLoading;
			sourceTree = "<group>";
		};
		FC5D27C32897D6DD003988A5 /* AddUser */ = {
			isa = PBXGroup;
			children = (
				FC5D27C72897E184003988A5 /* ViewModel */,
				FC5D27C42897D705003988A5 /* View */,
			);
			path = AddUser;
			sourceTree = "<group>";
		};
		FC5D27C42897D705003988A5 /* View */ = {
			isa = PBXGroup;
			children = (
				FC5D27C52897D738003988A5 /* AddUserScreen.swift */,
			);
			path = View;
			sourceTree = "<group>";
		};
		FC5D27C72897E184003988A5 /* ViewModel */ = {
			isa = PBXGroup;
			children = (
				FC5D27C82897E19A003988A5 /* AddUserScreenViewModel.swift */,
			);
			path = ViewModel;
			sourceTree = "<group>";
		};
		FC5D27CD2897FD31003988A5 /* DetailUser */ = {
			isa = PBXGroup;
			children = (
				FC5D27D42897FE8B003988A5 /* Model */,
				FC5D27D12897FD8A003988A5 /* ViewModel */,
				FC5D27CE2897FD38003988A5 /* View */,
			);
			path = DetailUser;
			sourceTree = "<group>";
		};
		FC5D27CE2897FD38003988A5 /* View */ = {
			isa = PBXGroup;
			children = (
				FC5D27CF2897FD51003988A5 /* UserDetailList.swift */,
			);
			path = View;
			sourceTree = "<group>";
		};
		FC5D27D12897FD8A003988A5 /* ViewModel */ = {
			isa = PBXGroup;
			children = (
				FC5D27D22897FD9F003988A5 /* UserDetailListViewModel.swift */,
			);
			path = ViewModel;
			sourceTree = "<group>";
		};
		FC5D27D42897FE8B003988A5 /* Model */ = {
			isa = PBXGroup;
			children = (
				FC5D27D52897FE9A003988A5 /* UserPublicRepository.swift */,
			);
			path = Model;
			sourceTree = "<group>";
		};
		FC5D27D7289803FD003988A5 /* Protocols */ = {
			isa = PBXGroup;
			children = (
				FC5D27D828980431003988A5 /* LocalUserRepository.swift */,
				FC5D27DA28980546003988A5 /* UserNetwork.swift */,
			);
			path = Protocols;
			sourceTree = "<group>";
		};
/* End PBXGroup section */

/* Begin PBXNativeTarget section */
		FC5D27962897B3CA003988A5 /* RaiffeisenTest */ = {
			isa = PBXNativeTarget;
			buildConfigurationList = FC5D27A52897B3CC003988A5 /* Build configuration list for PBXNativeTarget "RaiffeisenTest" */;
			buildPhases = (
				FC5D27932897B3CA003988A5 /* Sources */,
				FC5D27942897B3CA003988A5 /* Frameworks */,
				FC5D27952897B3CA003988A5 /* Resources */,
			);
			buildRules = (
			);
			dependencies = (
			);
			name = RaiffeisenTest;
			productName = RaiffeisenTest;
			productReference = FC5D27972897B3CA003988A5 /* RaiffeisenTest.app */;
			productType = "com.apple.product-type.application";
		};
/* End PBXNativeTarget section */

/* Begin PBXProject section */
		FC5D278F2897B3CA003988A5 /* Project object */ = {
			isa = PBXProject;
			attributes = {
				BuildIndependentTargetsInParallel = 1;
				LastSwiftUpdateCheck = 1320;
				LastUpgradeCheck = 1320;
				TargetAttributes = {
					FC5D27962897B3CA003988A5 = {
						CreatedOnToolsVersion = 13.2.1;
					};
				};
			};
			buildConfigurationList = FC5D27922897B3CA003988A5 /* Build configuration list for PBXProject "RaiffeisenTest" */;
			compatibilityVersion = "Xcode 13.0";
			developmentRegion = en;
			hasScannedForEncodings = 0;
			knownRegions = (
				en,
				Base,
			);
			mainGroup = FC5D278E2897B3CA003988A5;
			productRefGroup = FC5D27982897B3CA003988A5 /* Products */;
			projectDirPath = "";
			projectRoot = "";
			targets = (
				FC5D27962897B3CA003988A5 /* RaiffeisenTest */,
			);
		};
/* End PBXProject section */

/* Begin PBXResourcesBuildPhase section */
		FC5D27952897B3CA003988A5 /* Resources */ = {
			isa = PBXResourcesBuildPhase;
			buildActionMask = 2147483647;
			files = (
				FC5D27A22897B3CC003988A5 /* Preview Assets.xcassets in Resources */,
				FC5D279F2897B3CC003988A5 /* Assets.xcassets in Resources */,
			);
			runOnlyForDeploymentPostprocessing = 0;
		};
/* End PBXResourcesBuildPhase section */

/* Begin PBXSourcesBuildPhase section */
		FC5D27932897B3CA003988A5 /* Sources */ = {
			isa = PBXSourcesBuildPhase;
			buildActionMask = 2147483647;
			files = (
				FC5D27BD2897C2AB003988A5 /* AsyncImage.swift in Sources */,
				FC5D27D32897FD9F003988A5 /* UserDetailListViewModel.swift in Sources */,
				FC5D27D02897FD51003988A5 /* UserDetailList.swift in Sources */,
				FC5D27D62897FE9A003988A5 /* UserPublicRepository.swift in Sources */,
				FC5D27AE2897B779003988A5 /* UserList.swift in Sources */,
				FC5D27DB28980546003988A5 /* UserNetwork.swift in Sources */,
				FC5D27BE2897C2AB003988A5 /* ImageCache.swift in Sources */,
				FC5D27C02897C2AB003988A5 /* EnvironmentValues+ImageCache.swift in Sources */,
				FC5D279B2897B3CA003988A5 /* RaiffeisenTestApp.swift in Sources */,
				FC5D27BF2897C2AB003988A5 /* ImageLoader.swift in Sources */,
				FC5D27C92897E19A003988A5 /* AddUserScreenViewModel.swift in Sources */,
				FC5D27B32897B9D0003988A5 /* UserRow.swift in Sources */,
				FC5D27AB2897B678003988A5 /* User.swift in Sources */,
				FC5D27D928980431003988A5 /* LocalUserRepository.swift in Sources */,
				FC5D27C62897D738003988A5 /* AddUserScreen.swift in Sources */,
				FC5D27B12897B83A003988A5 /* UserListViewModel.swift in Sources */,
			);
			runOnlyForDeploymentPostprocessing = 0;
		};
/* End PBXSourcesBuildPhase section */

/* Begin XCBuildConfiguration section */
		FC5D27A32897B3CC003988A5 /* Debug */ = {
			isa = XCBuildConfiguration;
			buildSettings = {
				ALWAYS_SEARCH_USER_PATHS = NO;
				CLANG_ANALYZER_NONNULL = YES;
				CLANG_ANALYZER_NUMBER_OBJECT_CONVERSION = YES_AGGRESSIVE;
				CLANG_CXX_LANGUAGE_STANDARD = "gnu++17";
				CLANG_CXX_LIBRARY = "libc++";
				CLANG_ENABLE_MODULES = YES;
				CLANG_ENABLE_OBJC_ARC = YES;
				CLANG_ENABLE_OBJC_WEAK = YES;
				CLANG_WARN_BLOCK_CAPTURE_AUTORELEASING = YES;
				CLANG_WARN_BOOL_CONVERSION = YES;
				CLANG_WARN_COMMA = YES;
				CLANG_WARN_CONSTANT_CONVERSION = YES;
				CLANG_WARN_DEPRECATED_OBJC_IMPLEMENTATIONS = YES;
				CLANG_WARN_DIRECT_OBJC_ISA_USAGE = YES_ERROR;
				CLANG_WARN_DOCUMENTATION_COMMENTS = YES;
				CLANG_WARN_EMPTY_BODY = YES;
				CLANG_WARN_ENUM_CONVERSION = YES;
				CLANG_WARN_INFINITE_RECURSION = YES;
				CLANG_WARN_INT_CONVERSION = YES;
				CLANG_WARN_NON_LITERAL_NULL_CONVERSION = YES;
				CLANG_WARN_OBJC_IMPLICIT_RETAIN_SELF = YES;
				CLANG_WARN_OBJC_LITERAL_CONVERSION = YES;
				CLANG_WARN_OBJC_ROOT_CLASS = YES_ERROR;
				CLANG_WARN_QUOTED_INCLUDE_IN_FRAMEWORK_HEADER = YES;
				CLANG_WARN_RANGE_LOOP_ANALYSIS = YES;
				CLANG_WARN_STRICT_PROTOTYPES = YES;
				CLANG_WARN_SUSPICIOUS_MOVE = YES;
				CLANG_WARN_UNGUARDED_AVAILABILITY = YES_AGGRESSIVE;
				CLANG_WARN_UNREACHABLE_CODE = YES;
				CLANG_WARN__DUPLICATE_METHOD_MATCH = YES;
				COPY_PHASE_STRIP = NO;
				DEBUG_INFORMATION_FORMAT = dwarf;
				ENABLE_STRICT_OBJC_MSGSEND = YES;
				ENABLE_TESTABILITY = YES;
				GCC_C_LANGUAGE_STANDARD = gnu11;
				GCC_DYNAMIC_NO_PIC = NO;
				GCC_NO_COMMON_BLOCKS = YES;
				GCC_OPTIMIZATION_LEVEL = 0;
				GCC_PREPROCESSOR_DEFINITIONS = (
					"DEBUG=1",
					"$(inherited)",
				);
				GCC_WARN_64_TO_32_BIT_CONVERSION = YES;
				GCC_WARN_ABOUT_RETURN_TYPE = YES_ERROR;
				GCC_WARN_UNDECLARED_SELECTOR = YES;
				GCC_WARN_UNINITIALIZED_AUTOS = YES_AGGRESSIVE;
				GCC_WARN_UNUSED_FUNCTION = YES;
				GCC_WARN_UNUSED_VARIABLE = YES;
				IPHONEOS_DEPLOYMENT_TARGET = 15.2;
				MTL_ENABLE_DEBUG_INFO = INCLUDE_SOURCE;
				MTL_FAST_MATH = YES;
				ONLY_ACTIVE_ARCH = YES;
				SDKROOT = iphoneos;
				SWIFT_ACTIVE_COMPILATION_CONDITIONS = DEBUG;
				SWIFT_OPTIMIZATION_LEVEL = "-Onone";
			};
			name = Debug;
		};
		FC5D27A42897B3CC003988A5 /* Release */ = {
			isa = XCBuildConfiguration;
			buildSettings = {
				ALWAYS_SEARCH_USER_PATHS = NO;
				CLANG_ANALYZER_NONNULL = YES;
				CLANG_ANALYZER_NUMBER_OBJECT_CONVERSION = YES_AGGRESSIVE;
				CLANG_CXX_LANGUAGE_STANDARD = "gnu++17";
				CLANG_CXX_LIBRARY = "libc++";
				CLANG_ENABLE_MODULES = YES;
				CLANG_ENABLE_OBJC_ARC = YES;
				CLANG_ENABLE_OBJC_WEAK = YES;
				CLANG_WARN_BLOCK_CAPTURE_AUTORELEASING = YES;
				CLANG_WARN_BOOL_CONVERSION = YES;
				CLANG_WARN_COMMA = YES;
				CLANG_WARN_CONSTANT_CONVERSION = YES;
				CLANG_WARN_DEPRECATED_OBJC_IMPLEMENTATIONS = YES;
				CLANG_WARN_DIRECT_OBJC_ISA_USAGE = YES_ERROR;
				CLANG_WARN_DOCUMENTATION_COMMENTS = YES;
				CLANG_WARN_EMPTY_BODY = YES;
				CLANG_WARN_ENUM_CONVERSION = YES;
				CLANG_WARN_INFINITE_RECURSION = YES;
				CLANG_WARN_INT_CONVERSION = YES;
				CLANG_WARN_NON_LITERAL_NULL_CONVERSION = YES;
				CLANG_WARN_OBJC_IMPLICIT_RETAIN_SELF = YES;
				CLANG_WARN_OBJC_LITERAL_CONVERSION = YES;
				CLANG_WARN_OBJC_ROOT_CLASS = YES_ERROR;
				CLANG_WARN_QUOTED_INCLUDE_IN_FRAMEWORK_HEADER = YES;
				CLANG_WARN_RANGE_LOOP_ANALYSIS = YES;
				CLANG_WARN_STRICT_PROTOTYPES = YES;
				CLANG_WARN_SUSPICIOUS_MOVE = YES;
				CLANG_WARN_UNGUARDED_AVAILABILITY = YES_AGGRESSIVE;
				CLANG_WARN_UNREACHABLE_CODE = YES;
				CLANG_WARN__DUPLICATE_METHOD_MATCH = YES;
				COPY_PHASE_STRIP = NO;
				DEBUG_INFORMATION_FORMAT = "dwarf-with-dsym";
				ENABLE_NS_ASSERTIONS = NO;
				ENABLE_STRICT_OBJC_MSGSEND = YES;
				GCC_C_LANGUAGE_STANDARD = gnu11;
				GCC_NO_COMMON_BLOCKS = YES;
				GCC_WARN_64_TO_32_BIT_CONVERSION = YES;
				GCC_WARN_ABOUT_RETURN_TYPE = YES_ERROR;
				GCC_WARN_UNDECLARED_SELECTOR = YES;
				GCC_WARN_UNINITIALIZED_AUTOS = YES_AGGRESSIVE;
				GCC_WARN_UNUSED_FUNCTION = YES;
				GCC_WARN_UNUSED_VARIABLE = YES;
				IPHONEOS_DEPLOYMENT_TARGET = 15.2;
				MTL_ENABLE_DEBUG_INFO = NO;
				MTL_FAST_MATH = YES;
				SDKROOT = iphoneos;
				SWIFT_COMPILATION_MODE = wholemodule;
				SWIFT_OPTIMIZATION_LEVEL = "-O";
				VALIDATE_PRODUCT = YES;
			};
			name = Release;
		};
		FC5D27A62897B3CC003988A5 /* Debug */ = {
			isa = XCBuildConfiguration;
			buildSettings = {
				ASSETCATALOG_COMPILER_APPICON_NAME = AppIcon;
				ASSETCATALOG_COMPILER_GLOBAL_ACCENT_COLOR_NAME = AccentColor;
				CODE_SIGN_STYLE = Automatic;
				CURRENT_PROJECT_VERSION = 1;
				DEVELOPMENT_ASSET_PATHS = "\"RaiffeisenTest/Preview Content\"";
				DEVELOPMENT_TEAM = 86TTYW2KH3;
				ENABLE_PREVIEWS = YES;
				GENERATE_INFOPLIST_FILE = YES;
				INFOPLIST_KEY_UIApplicationSceneManifest_Generation = YES;
				INFOPLIST_KEY_UIApplicationSupportsIndirectInputEvents = YES;
				INFOPLIST_KEY_UILaunchScreen_Generation = YES;
				INFOPLIST_KEY_UISupportedInterfaceOrientations_iPad = "UIInterfaceOrientationPortrait UIInterfaceOrientationPortraitUpsideDown UIInterfaceOrientationLandscapeLeft UIInterfaceOrientationLandscapeRight";
				INFOPLIST_KEY_UISupportedInterfaceOrientations_iPhone = "UIInterfaceOrientationPortrait UIInterfaceOrientationLandscapeLeft UIInterfaceOrientationLandscapeRight";
				IPHONEOS_DEPLOYMENT_TARGET = 14.0;
				LD_RUNPATH_SEARCH_PATHS = (
					"$(inherited)",
					"@executable_path/Frameworks",
				);
				MARKETING_VERSION = 1.0;
				PRODUCT_BUNDLE_IDENTIFIER = Dev.RaiffeisenTest;
				PRODUCT_NAME = "$(TARGET_NAME)";
				SWIFT_EMIT_LOC_STRINGS = YES;
				SWIFT_VERSION = 5.0;
				TARGETED_DEVICE_FAMILY = "1,2";
			};
			name = Debug;
		};
		FC5D27A72897B3CC003988A5 /* Release */ = {
			isa = XCBuildConfiguration;
			buildSettings = {
				ASSETCATALOG_COMPILER_APPICON_NAME = AppIcon;
				ASSETCATALOG_COMPILER_GLOBAL_ACCENT_COLOR_NAME = AccentColor;
				CODE_SIGN_STYLE = Automatic;
				CURRENT_PROJECT_VERSION = 1;
				DEVELOPMENT_ASSET_PATHS = "\"RaiffeisenTest/Preview Content\"";
				DEVELOPMENT_TEAM = 86TTYW2KH3;
				ENABLE_PREVIEWS = YES;
				GENERATE_INFOPLIST_FILE = YES;
				INFOPLIST_KEY_UIApplicationSceneManifest_Generation = YES;
				INFOPLIST_KEY_UIApplicationSupportsIndirectInputEvents = YES;
				INFOPLIST_KEY_UILaunchScreen_Generation = YES;
				INFOPLIST_KEY_UISupportedInterfaceOrientations_iPad = "UIInterfaceOrientationPortrait UIInterfaceOrientationPortraitUpsideDown UIInterfaceOrientationLandscapeLeft UIInterfaceOrientationLandscapeRight";
				INFOPLIST_KEY_UISupportedInterfaceOrientations_iPhone = "UIInterfaceOrientationPortrait UIInterfaceOrientationLandscapeLeft UIInterfaceOrientationLandscapeRight";
				IPHONEOS_DEPLOYMENT_TARGET = 14.0;
				LD_RUNPATH_SEARCH_PATHS = (
					"$(inherited)",
					"@executable_path/Frameworks",
				);
				MARKETING_VERSION = 1.0;
				PRODUCT_BUNDLE_IDENTIFIER = Dev.RaiffeisenTest;
				PRODUCT_NAME = "$(TARGET_NAME)";
				SWIFT_EMIT_LOC_STRINGS = YES;
				SWIFT_VERSION = 5.0;
				TARGETED_DEVICE_FAMILY = "1,2";
			};
			name = Release;
		};
/* End XCBuildConfiguration section */

/* Begin XCConfigurationList section */
		FC5D27922897B3CA003988A5 /* Build configuration list for PBXProject "RaiffeisenTest" */ = {
			isa = XCConfigurationList;
			buildConfigurations = (
				FC5D27A32897B3CC003988A5 /* Debug */,
				FC5D27A42897B3CC003988A5 /* Release */,
			);
			defaultConfigurationIsVisible = 0;
			defaultConfigurationName = Release;
		};
		FC5D27A52897B3CC003988A5 /* Build configuration list for PBXNativeTarget "RaiffeisenTest" */ = {
			isa = XCConfigurationList;
			buildConfigurations = (
				FC5D27A62897B3CC003988A5 /* Debug */,
				FC5D27A72897B3CC003988A5 /* Release */,
			);
			defaultConfigurationIsVisible = 0;
			defaultConfigurationName = Release;
		};
/* End XCConfigurationList section */
	};
	rootObject = FC5D278F2897B3CA003988A5 /* Project object */;
}
